// !$*UTF8*$!
{
	archiveVersion = 1;
	classes = {
	};
	objectVersion = 46;
	objects = {

/* Begin PBXBuildFile section */
		062144DA1B2B6D89009FC3A3 /* StatusDetailedViewController.swift in Sources */ = {isa = PBXBuildFile; fileRef = 062144D91B2B6D89009FC3A3 /* StatusDetailedViewController.swift */; };
		065EEEF81B2A25FF00DC891B /* AppDelegate.swift in Sources */ = {isa = PBXBuildFile; fileRef = 065EEEF71B2A25FF00DC891B /* AppDelegate.swift */; };
		065EEF011B2A25FF00DC891B /* Main.storyboard in Resources */ = {isa = PBXBuildFile; fileRef = 065EEEFF1B2A25FF00DC891B /* Main.storyboard */; };
		065EEF031B2A25FF00DC891B /* Images.xcassets in Resources */ = {isa = PBXBuildFile; fileRef = 065EEF021B2A25FF00DC891B /* Images.xcassets */; };
		065EEF061B2A25FF00DC891B /* LaunchScreen.xib in Resources */ = {isa = PBXBuildFile; fileRef = 065EEF041B2A25FF00DC891B /* LaunchScreen.xib */; };
		065EEF121B2A25FF00DC891B /* UniChatTests.swift in Sources */ = {isa = PBXBuildFile; fileRef = 065EEF111B2A25FF00DC891B /* UniChatTests.swift */; };
		065EEF1C1B2A267300DC891B /* Bolts.framework in Frameworks */ = {isa = PBXBuildFile; fileRef = 065EEF1B1B2A267300DC891B /* Bolts.framework */; };
		065EEF1E1B2A267E00DC891B /* Parse.framework in Frameworks */ = {isa = PBXBuildFile; fileRef = 065EEF1D1B2A267E00DC891B /* Parse.framework */; };
		065EEF201B2A268700DC891B /* ParseUI.framework in Frameworks */ = {isa = PBXBuildFile; fileRef = 065EEF1F1B2A268700DC891B /* ParseUI.framework */; };
		065EEF221B2A29F200DC891B /* WelcomeViewController.swift in Sources */ = {isa = PBXBuildFile; fileRef = 065EEF211B2A29F200DC891B /* WelcomeViewController.swift */; };
		065EEF241B2A2A0A00DC891B /* AudioToolbox.framework in Frameworks */ = {isa = PBXBuildFile; fileRef = 065EEF231B2A2A0A00DC891B /* AudioToolbox.framework */; };
		065EEF261B2A2A1000DC891B /* CFNetwork.framework in Frameworks */ = {isa = PBXBuildFile; fileRef = 065EEF251B2A2A1000DC891B /* CFNetwork.framework */; };
		065EEF281B2A2A1700DC891B /* CoreGraphics.framework in Frameworks */ = {isa = PBXBuildFile; fileRef = 065EEF271B2A2A1700DC891B /* CoreGraphics.framework */; };
		065EEF2A1B2A2A1E00DC891B /* CoreLocation.framework in Frameworks */ = {isa = PBXBuildFile; fileRef = 065EEF291B2A2A1E00DC891B /* CoreLocation.framework */; };
		065EEF2C1B2A2A2900DC891B /* QuartzCore.framework in Frameworks */ = {isa = PBXBuildFile; fileRef = 065EEF2B1B2A2A2900DC891B /* QuartzCore.framework */; };
		065EEF2E1B2A2A3500DC891B /* Security.framework in Frameworks */ = {isa = PBXBuildFile; fileRef = 065EEF2D1B2A2A3500DC891B /* Security.framework */; };
		065EEF301B2A2A3C00DC891B /* StoreKit.framework in Frameworks */ = {isa = PBXBuildFile; fileRef = 065EEF2F1B2A2A3C00DC891B /* StoreKit.framework */; };
		065EEF321B2A31B300DC891B /* SystemConfiguration.framework in Frameworks */ = {isa = PBXBuildFile; fileRef = 065EEF311B2A31B300DC891B /* SystemConfiguration.framework */; };
		065EEF341B2A31C900DC891B /* MobileCoreServices.framework in Frameworks */ = {isa = PBXBuildFile; fileRef = 065EEF331B2A31C900DC891B /* MobileCoreServices.framework */; };
		065EEF361B2A370300DC891B /* SignUpViewController.swift in Sources */ = {isa = PBXBuildFile; fileRef = 065EEF351B2A370300DC891B /* SignUpViewController.swift */; };
		065EEF381B2A3A3B00DC891B /* libsqlite3.dylib in Frameworks */ = {isa = PBXBuildFile; fileRef = 065EEF371B2A3A3B00DC891B /* libsqlite3.dylib */; };
		065EEF3A1B2A3A4400DC891B /* libz.dylib in Frameworks */ = {isa = PBXBuildFile; fileRef = 065EEF391B2A3A4400DC891B /* libz.dylib */; };
		065EEF991B2A807D00DC891B /* HomeViewController.swift in Sources */ = {isa = PBXBuildFile; fileRef = 065EEF981B2A807D00DC891B /* HomeViewController.swift */; };
		065EEF9B1B2A836300DC891B /* StatusUpdateViewController.swift in Sources */ = {isa = PBXBuildFile; fileRef = 065EEF9A1B2A836300DC891B /* StatusUpdateViewController.swift */; };
		065EEF9D1B2B485800DC891B /* MainViewCell.swift in Sources */ = {isa = PBXBuildFile; fileRef = 065EEF9C1B2B485800DC891B /* MainViewCell.swift */; };
/* End PBXBuildFile section */

/* Begin PBXContainerItemProxy section */
		065EEF0C1B2A25FF00DC891B /* PBXContainerItemProxy */ = {
			isa = PBXContainerItemProxy;
			containerPortal = 065EEEEA1B2A25FF00DC891B /* Project object */;
			proxyType = 1;
			remoteGlobalIDString = 065EEEF11B2A25FF00DC891B;
			remoteInfo = UniChat;
		};
/* End PBXContainerItemProxy section */

/* Begin PBXFileReference section */
		062144D91B2B6D89009FC3A3 /* StatusDetailedViewController.swift */ = {isa = PBXFileReference; fileEncoding = 4; lastKnownFileType = sourcecode.swift; path = StatusDetailedViewController.swift; sourceTree = "<group>"; };
		065EEEF21B2A25FF00DC891B /* UniChat.app */ = {isa = PBXFileReference; explicitFileType = wrapper.application; includeInIndex = 0; path = UniChat.app; sourceTree = BUILT_PRODUCTS_DIR; };
		065EEEF61B2A25FF00DC891B /* Info.plist */ = {isa = PBXFileReference; lastKnownFileType = text.plist.xml; path = Info.plist; sourceTree = "<group>"; };
		065EEEF71B2A25FF00DC891B /* AppDelegate.swift */ = {isa = PBXFileReference; lastKnownFileType = sourcecode.swift; path = AppDelegate.swift; sourceTree = "<group>"; };
		065EEF001B2A25FF00DC891B /* Base */ = {isa = PBXFileReference; lastKnownFileType = file.storyboard; name = Base; path = Base.lproj/Main.storyboard; sourceTree = "<group>"; };
		065EEF021B2A25FF00DC891B /* Images.xcassets */ = {isa = PBXFileReference; lastKnownFileType = folder.assetcatalog; path = Images.xcassets; sourceTree = "<group>"; };
		065EEF051B2A25FF00DC891B /* Base */ = {isa = PBXFileReference; lastKnownFileType = file.xib; name = Base; path = Base.lproj/LaunchScreen.xib; sourceTree = "<group>"; };
		065EEF0B1B2A25FF00DC891B /* UniChatTests.xctest */ = {isa = PBXFileReference; explicitFileType = wrapper.cfbundle; includeInIndex = 0; path = UniChatTests.xctest; sourceTree = BUILT_PRODUCTS_DIR; };
		065EEF101B2A25FF00DC891B /* Info.plist */ = {isa = PBXFileReference; lastKnownFileType = text.plist.xml; path = Info.plist; sourceTree = "<group>"; };
		065EEF111B2A25FF00DC891B /* UniChatTests.swift */ = {isa = PBXFileReference; lastKnownFileType = sourcecode.swift; path = UniChatTests.swift; sourceTree = "<group>"; };
		065EEF1B1B2A267300DC891B /* Bolts.framework */ = {isa = PBXFileReference; lastKnownFileType = wrapper.framework; path = Bolts.framework; sourceTree = "<group>"; };
		065EEF1D1B2A267E00DC891B /* Parse.framework */ = {isa = PBXFileReference; lastKnownFileType = wrapper.framework; path = Parse.framework; sourceTree = "<group>"; };
		065EEF1F1B2A268700DC891B /* ParseUI.framework */ = {isa = PBXFileReference; lastKnownFileType = wrapper.framework; path = ParseUI.framework; sourceTree = "<group>"; };
		065EEF211B2A29F200DC891B /* WelcomeViewController.swift */ = {isa = PBXFileReference; fileEncoding = 4; lastKnownFileType = sourcecode.swift; path = WelcomeViewController.swift; sourceTree = "<group>"; };
		065EEF231B2A2A0A00DC891B /* AudioToolbox.framework */ = {isa = PBXFileReference; lastKnownFileType = wrapper.framework; name = AudioToolbox.framework; path = System/Library/Frameworks/AudioToolbox.framework; sourceTree = SDKROOT; };
		065EEF251B2A2A1000DC891B /* CFNetwork.framework */ = {isa = PBXFileReference; lastKnownFileType = wrapper.framework; name = CFNetwork.framework; path = System/Library/Frameworks/CFNetwork.framework; sourceTree = SDKROOT; };
		065EEF271B2A2A1700DC891B /* CoreGraphics.framework */ = {isa = PBXFileReference; lastKnownFileType = wrapper.framework; name = CoreGraphics.framework; path = System/Library/Frameworks/CoreGraphics.framework; sourceTree = SDKROOT; };
		065EEF291B2A2A1E00DC891B /* CoreLocation.framework */ = {isa = PBXFileReference; lastKnownFileType = wrapper.framework; name = CoreLocation.framework; path = System/Library/Frameworks/CoreLocation.framework; sourceTree = SDKROOT; };
		065EEF2B1B2A2A2900DC891B /* QuartzCore.framework */ = {isa = PBXFileReference; lastKnownFileType = wrapper.framework; name = QuartzCore.framework; path = System/Library/Frameworks/QuartzCore.framework; sourceTree = SDKROOT; };
		065EEF2D1B2A2A3500DC891B /* Security.framework */ = {isa = PBXFileReference; lastKnownFileType = wrapper.framework; name = Security.framework; path = System/Library/Frameworks/Security.framework; sourceTree = SDKROOT; };
		065EEF2F1B2A2A3C00DC891B /* StoreKit.framework */ = {isa = PBXFileReference; lastKnownFileType = wrapper.framework; name = StoreKit.framework; path = System/Library/Frameworks/StoreKit.framework; sourceTree = SDKROOT; };
		065EEF311B2A31B300DC891B /* SystemConfiguration.framework */ = {isa = PBXFileReference; lastKnownFileType = wrapper.framework; name = SystemConfiguration.framework; path = System/Library/Frameworks/SystemConfiguration.framework; sourceTree = SDKROOT; };
		065EEF331B2A31C900DC891B /* MobileCoreServices.framework */ = {isa = PBXFileReference; lastKnownFileType = wrapper.framework; name = MobileCoreServices.framework; path = System/Library/Frameworks/MobileCoreServices.framework; sourceTree = SDKROOT; };
		065EEF351B2A370300DC891B /* SignUpViewController.swift */ = {isa = PBXFileReference; fileEncoding = 4; lastKnownFileType = sourcecode.swift; path = SignUpViewController.swift; sourceTree = "<group>"; };
		065EEF371B2A3A3B00DC891B /* libsqlite3.dylib */ = {isa = PBXFileReference; lastKnownFileType = "compiled.mach-o.dylib"; name = libsqlite3.dylib; path = usr/lib/libsqlite3.dylib; sourceTree = SDKROOT; };
		065EEF391B2A3A4400DC891B /* libz.dylib */ = {isa = PBXFileReference; lastKnownFileType = "compiled.mach-o.dylib"; name = libz.dylib; path = usr/lib/libz.dylib; sourceTree = SDKROOT; };
		065EEF981B2A807D00DC891B /* HomeViewController.swift */ = {isa = PBXFileReference; fileEncoding = 4; lastKnownFileType = sourcecode.swift; path = HomeViewController.swift; sourceTree = "<group>"; };
		065EEF9A1B2A836300DC891B /* StatusUpdateViewController.swift */ = {isa = PBXFileReference; fileEncoding = 4; lastKnownFileType = sourcecode.swift; path = StatusUpdateViewController.swift; sourceTree = "<group>"; };
		065EEF9C1B2B485800DC891B /* MainViewCell.swift */ = {isa = PBXFileReference; fileEncoding = 4; lastKnownFileType = sourcecode.swift; path = MainViewCell.swift; sourceTree = "<group>"; };
/* End PBXFileReference section */

/* Begin PBXFrameworksBuildPhase section */
		065EEEEF1B2A25FF00DC891B /* Frameworks */ = {
			isa = PBXFrameworksBuildPhase;
			buildActionMask = 2147483647;
			files = (
				065EEF3A1B2A3A4400DC891B /* libz.dylib in Frameworks */,
				065EEF381B2A3A3B00DC891B /* libsqlite3.dylib in Frameworks */,
				065EEF341B2A31C900DC891B /* MobileCoreServices.framework in Frameworks */,
				065EEF321B2A31B300DC891B /* SystemConfiguration.framework in Frameworks */,
				065EEF301B2A2A3C00DC891B /* StoreKit.framework in Frameworks */,
				065EEF2E1B2A2A3500DC891B /* Security.framework in Frameworks */,
				065EEF2C1B2A2A2900DC891B /* QuartzCore.framework in Frameworks */,
				065EEF2A1B2A2A1E00DC891B /* CoreLocation.framework in Frameworks */,
				065EEF281B2A2A1700DC891B /* CoreGraphics.framework in Frameworks */,
				065EEF261B2A2A1000DC891B /* CFNetwork.framework in Frameworks */,
				065EEF241B2A2A0A00DC891B /* AudioToolbox.framework in Frameworks */,
				065EEF201B2A268700DC891B /* ParseUI.framework in Frameworks */,
				065EEF1E1B2A267E00DC891B /* Parse.framework in Frameworks */,
				065EEF1C1B2A267300DC891B /* Bolts.framework in Frameworks */,
			);
			runOnlyForDeploymentPostprocessing = 0;
		};
		065EEF081B2A25FF00DC891B /* Frameworks */ = {
			isa = PBXFrameworksBuildPhase;
			buildActionMask = 2147483647;
			files = (
			);
			runOnlyForDeploymentPostprocessing = 0;
		};
/* End PBXFrameworksBuildPhase section */

/* Begin PBXGroup section */
		065EEEE91B2A25FF00DC891B = {
			isa = PBXGroup;
			children = (
				065EEF391B2A3A4400DC891B /* libz.dylib */,
				065EEF371B2A3A3B00DC891B /* libsqlite3.dylib */,
				065EEF331B2A31C900DC891B /* MobileCoreServices.framework */,
				065EEF311B2A31B300DC891B /* SystemConfiguration.framework */,
				065EEF2F1B2A2A3C00DC891B /* StoreKit.framework */,
				065EEF2D1B2A2A3500DC891B /* Security.framework */,
				065EEF2B1B2A2A2900DC891B /* QuartzCore.framework */,
				065EEF291B2A2A1E00DC891B /* CoreLocation.framework */,
				065EEF271B2A2A1700DC891B /* CoreGraphics.framework */,
				065EEF251B2A2A1000DC891B /* CFNetwork.framework */,
				065EEF231B2A2A0A00DC891B /* AudioToolbox.framework */,
				065EEEF41B2A25FF00DC891B /* UniChat */,
				065EEF0E1B2A25FF00DC891B /* UniChatTests */,
				065EEEF31B2A25FF00DC891B /* Products */,
			);
			sourceTree = "<group>";
		};
		065EEEF31B2A25FF00DC891B /* Products */ = {
			isa = PBXGroup;
			children = (
				065EEEF21B2A25FF00DC891B /* UniChat.app */,
				065EEF0B1B2A25FF00DC891B /* UniChatTests.xctest */,
			);
			name = Products;
			sourceTree = "<group>";
		};
		065EEEF41B2A25FF00DC891B /* UniChat */ = {
			isa = PBXGroup;
			children = (
				065EEF1F1B2A268700DC891B /* ParseUI.framework */,
				065EEF1D1B2A267E00DC891B /* Parse.framework */,
				065EEF1B1B2A267300DC891B /* Bolts.framework */,
				065EEEF71B2A25FF00DC891B /* AppDelegate.swift */,
				065EEEFF1B2A25FF00DC891B /* Main.storyboard */,
				062144D91B2B6D89009FC3A3 /* StatusDetailedViewController.swift */,
				065EEF9C1B2B485800DC891B /* MainViewCell.swift */,
				065EEF981B2A807D00DC891B /* HomeViewController.swift */,
				065EEF351B2A370300DC891B /* SignUpViewController.swift */,
				065EEF9A1B2A836300DC891B /* StatusUpdateViewController.swift */,
				065EEF211B2A29F200DC891B /* WelcomeViewController.swift */,
				065EEF021B2A25FF00DC891B /* Images.xcassets */,
				065EEF041B2A25FF00DC891B /* LaunchScreen.xib */,
				065EEEF51B2A25FF00DC891B /* Supporting Files */,
			);
			path = UniChat;
			sourceTree = "<group>";
		};
		065EEEF51B2A25FF00DC891B /* Supporting Files */ = {
			isa = PBXGroup;
			children = (
				065EEEF61B2A25FF00DC891B /* Info.plist */,
			);
			name = "Supporting Files";
			sourceTree = "<group>";
		};
		065EEF0E1B2A25FF00DC891B /* UniChatTests */ = {
			isa = PBXGroup;
			children = (
				065EEF111B2A25FF00DC891B /* UniChatTests.swift */,
				065EEF0F1B2A25FF00DC891B /* Supporting Files */,
			);
			path = UniChatTests;
			sourceTree = "<group>";
		};
		065EEF0F1B2A25FF00DC891B /* Supporting Files */ = {
			isa = PBXGroup;
			children = (
				065EEF101B2A25FF00DC891B /* Info.plist */,
			);
			name = "Supporting Files";
			sourceTree = "<group>";
		};
/* End PBXGroup section */

/* Begin PBXNativeTarget section */
		065EEEF11B2A25FF00DC891B /* UniChat */ = {
			isa = PBXNativeTarget;
			buildConfigurationList = 065EEF151B2A25FF00DC891B /* Build configuration list for PBXNativeTarget "UniChat" */;
			buildPhases = (
				065EEEEE1B2A25FF00DC891B /* Sources */,
				065EEEEF1B2A25FF00DC891B /* Frameworks */,
				065EEEF01B2A25FF00DC891B /* Resources */,
			);
			buildRules = (
			);
			dependencies = (
			);
			name = UniChat;
			productName = UniChat;
			productReference = 065EEEF21B2A25FF00DC891B /* UniChat.app */;
			productType = "com.apple.product-type.application";
		};
		065EEF0A1B2A25FF00DC891B /* UniChatTests */ = {
			isa = PBXNativeTarget;
			buildConfigurationList = 065EEF181B2A25FF00DC891B /* Build configuration list for PBXNativeTarget "UniChatTests" */;
			buildPhases = (
				065EEF071B2A25FF00DC891B /* Sources */,
				065EEF081B2A25FF00DC891B /* Frameworks */,
				065EEF091B2A25FF00DC891B /* Resources */,
			);
			buildRules = (
			);
			dependencies = (
				065EEF0D1B2A25FF00DC891B /* PBXTargetDependency */,
			);
			name = UniChatTests;
			productName = UniChatTests;
			productReference = 065EEF0B1B2A25FF00DC891B /* UniChatTests.xctest */;
			productType = "com.apple.product-type.bundle.unit-test";
		};
/* End PBXNativeTarget section */

/* Begin PBXProject section */
		065EEEEA1B2A25FF00DC891B /* Project object */ = {
			isa = PBXProject;
			attributes = {
				LastUpgradeCheck = 0630;
				ORGANIZATIONNAME = BearBrosDevelopment;
				TargetAttributes = {
					065EEEF11B2A25FF00DC891B = {
						CreatedOnToolsVersion = 6.3.2;
					};
					065EEF0A1B2A25FF00DC891B = {
						CreatedOnToolsVersion = 6.3.2;
						TestTargetID = 065EEEF11B2A25FF00DC891B;
					};
				};
			};
			buildConfigurationList = 065EEEED1B2A25FF00DC891B /* Build configuration list for PBXProject "UniChat" */;
			compatibilityVersion = "Xcode 3.2";
			developmentRegion = English;
			hasScannedForEncodings = 0;
			knownRegions = (
				en,
				Base,
			);
			mainGroup = 065EEEE91B2A25FF00DC891B;
			productRefGroup = 065EEEF31B2A25FF00DC891B /* Products */;
			projectDirPath = "";
			projectRoot = "";
			targets = (
				065EEEF11B2A25FF00DC891B /* UniChat */,
				065EEF0A1B2A25FF00DC891B /* UniChatTests */,
			);
		};
/* End PBXProject section */

/* Begin PBXResourcesBuildPhase section */
		065EEEF01B2A25FF00DC891B /* Resources */ = {
			isa = PBXResourcesBuildPhase;
			buildActionMask = 2147483647;
			files = (
				065EEF011B2A25FF00DC891B /* Main.storyboard in Resources */,
				065EEF061B2A25FF00DC891B /* LaunchScreen.xib in Resources */,
				065EEF031B2A25FF00DC891B /* Images.xcassets in Resources */,
			);
			runOnlyForDeploymentPostprocessing = 0;
		};
		065EEF091B2A25FF00DC891B /* Resources */ = {
			isa = PBXResourcesBuildPhase;
			buildActionMask = 2147483647;
			files = (
			);
			runOnlyForDeploymentPostprocessing = 0;
		};
/* End PBXResourcesBuildPhase section */

/* Begin PBXSourcesBuildPhase section */
		065EEEEE1B2A25FF00DC891B /* Sources */ = {
			isa = PBXSourcesBuildPhase;
			buildActionMask = 2147483647;
			files = (
				065EEF361B2A370300DC891B /* SignUpViewController.swift in Sources */,
				065EEF9B1B2A836300DC891B /* StatusUpdateViewController.swift in Sources */,
				065EEEF81B2A25FF00DC891B /* AppDelegate.swift in Sources */,
				065EEF9D1B2B485800DC891B /* MainViewCell.swift in Sources */,
				062144DA1B2B6D89009FC3A3 /* StatusDetailedViewController.swift in Sources */,
				065EEF221B2A29F200DC891B /* WelcomeViewController.swift in Sources */,
				065EEF991B2A807D00DC891B /* HomeViewController.swift in Sources */,
			);
			runOnlyForDeploymentPostprocessing = 0;
		};
		065EEF071B2A25FF00DC891B /* Sources */ = {
			isa = PBXSourcesBuildPhase;
			buildActionMask = 2147483647;
			files = (
				065EEF121B2A25FF00DC891B /* UniChatTests.swift in Sources */,
			);
			runOnlyForDeploymentPostprocessing = 0;
		};
/* End PBXSourcesBuildPhase section */

/* Begin PBXTargetDependency section */
		065EEF0D1B2A25FF00DC891B /* PBXTargetDependency */ = {
			isa = PBXTargetDependency;
			target = 065EEEF11B2A25FF00DC891B /* UniChat */;
			targetProxy = 065EEF0C1B2A25FF00DC891B /* PBXContainerItemProxy */;
		};
/* End PBXTargetDependency section */

/* Begin PBXVariantGroup section */
		065EEEFF1B2A25FF00DC891B /* Main.storyboard */ = {
			isa = PBXVariantGroup;
			children = (
				065EEF001B2A25FF00DC891B /* Base */,
			);
			name = Main.storyboard;
			sourceTree = "<group>";
		};
		065EEF041B2A25FF00DC891B /* LaunchScreen.xib */ = {
			isa = PBXVariantGroup;
			children = (
				065EEF051B2A25FF00DC891B /* Base */,
			);
			name = LaunchScreen.xib;
			sourceTree = "<group>";
		};
/* End PBXVariantGroup section */

/* Begin XCBuildConfiguration section */
		065EEF131B2A25FF00DC891B /* Debug */ = {
			isa = XCBuildConfiguration;
			buildSettings = {
				ALWAYS_SEARCH_USER_PATHS = NO;
				CLANG_CXX_LANGUAGE_STANDARD = "gnu++0x";
				CLANG_CXX_LIBRARY = "libc++";
				CLANG_ENABLE_MODULES = YES;
				CLANG_ENABLE_OBJC_ARC = YES;
				CLANG_WARN_BOOL_CONVERSION = YES;
				CLANG_WARN_CONSTANT_CONVERSION = YES;
				CLANG_WARN_DIRECT_OBJC_ISA_USAGE = YES_ERROR;
				CLANG_WARN_EMPTY_BODY = YES;
				CLANG_WARN_ENUM_CONVERSION = YES;
				CLANG_WARN_INT_CONVERSION = YES;
				CLANG_WARN_OBJC_ROOT_CLASS = YES_ERROR;
				CLANG_WARN_UNREACHABLE_CODE = YES;
				CLANG_WARN__DUPLICATE_METHOD_MATCH = YES;
				"CODE_SIGN_IDENTITY[sdk=iphoneos*]" = "iPhone Developer";
				COPY_PHASE_STRIP = NO;
				DEBUG_INFORMATION_FORMAT = "dwarf-with-dsym";
				ENABLE_STRICT_OBJC_MSGSEND = YES;
				GCC_C_LANGUAGE_STANDARD = gnu99;
				GCC_DYNAMIC_NO_PIC = NO;
				GCC_NO_COMMON_BLOCKS = YES;
				GCC_OPTIMIZATION_LEVEL = 0;
				GCC_PREPROCESSOR_DEFINITIONS = (
					"DEBUG=1",
					"$(inherited)",
				);
				GCC_SYMBOLS_PRIVATE_EXTERN = NO;
				GCC_WARN_64_TO_32_BIT_CONVERSION = YES;
				GCC_WARN_ABOUT_RETURN_TYPE = YES_ERROR;
				GCC_WARN_UNDECLARED_SELECTOR = YES;
				GCC_WARN_UNINITIALIZED_AUTOS = YES_AGGRESSIVE;
				GCC_WARN_UNUSED_FUNCTION = YES;
				GCC_WARN_UNUSED_VARIABLE = YES;
				IPHONEOS_DEPLOYMENT_TARGET = 8.3;
				MTL_ENABLE_DEBUG_INFO = YES;
				ONLY_ACTIVE_ARCH = YES;
				SDKROOT = iphoneos;
				SWIFT_OPTIMIZATION_LEVEL = "-Onone";
			};
			name = Debug;
		};
		065EEF141B2A25FF00DC891B /* Release */ = {
			isa = XCBuildConfiguration;
			buildSettings = {
				ALWAYS_SEARCH_USER_PATHS = NO;
				CLANG_CXX_LANGUAGE_STANDARD = "gnu++0x";
				CLANG_CXX_LIBRARY = "libc++";
				CLANG_ENABLE_MODULES = YES;
				CLANG_ENABLE_OBJC_ARC = YES;
				CLANG_WARN_BOOL_CONVERSION = YES;
				CLANG_WARN_CONSTANT_CONVERSION = YES;
				CLANG_WARN_DIRECT_OBJC_ISA_USAGE = YES_ERROR;
				CLANG_WARN_EMPTY_BODY = YES;
				CLANG_WARN_ENUM_CONVERSION = YES;
				CLANG_WARN_INT_CONVERSION = YES;
				CLANG_WARN_OBJC_ROOT_CLASS = YES_ERROR;
				CLANG_WARN_UNREACHABLE_CODE = YES;
				CLANG_WARN__DUPLICATE_METHOD_MATCH = YES;
				"CODE_SIGN_IDENTITY[sdk=iphoneos*]" = "iPhone Developer";
				COPY_PHASE_STRIP = NO;
				DEBUG_INFORMATION_FORMAT = "dwarf-with-dsym";
				ENABLE_NS_ASSERTIONS = NO;
				ENABLE_STRICT_OBJC_MSGSEND = YES;
				GCC_C_LANGUAGE_STANDARD = gnu99;
				GCC_NO_COMMON_BLOCKS = YES;
				GCC_WARN_64_TO_32_BIT_CONVERSION = YES;
				GCC_WARN_ABOUT_RETURN_TYPE = YES_ERROR;
				GCC_WARN_UNDECLARED_SELECTOR = YES;
				GCC_WARN_UNINITIALIZED_AUTOS = YES_AGGRESSIVE;
				GCC_WARN_UNUSED_FUNCTION = YES;
				GCC_WARN_UNUSED_VARIABLE = YES;
				IPHONEOS_DEPLOYMENT_TARGET = 8.3;
				MTL_ENABLE_DEBUG_INFO = NO;
				SDKROOT = iphoneos;
				VALIDATE_PRODUCT = YES;
			};
			name = Release;
		};
		065EEF161B2A25FF00DC891B /* Debug */ = {
			isa = XCBuildConfiguration;
			buildSettings = {
				ASSETCATALOG_COMPILER_APPICON_NAME = AppIcon;
				FRAMEWORK_SEARCH_PATHS = (
					"$(inherited)",
					"$(PROJECT_DIR)/UniChat",
				);
				INFOPLIST_FILE = UniChat/Info.plist;
				LD_RUNPATH_SEARCH_PATHS = "$(inherited) @executable_path/Frameworks";
				PRODUCT_NAME = "$(TARGET_NAME)";
			};
			name = Debug;
		};
		065EEF171B2A25FF00DC891B /* Release */ = {
			isa = XCBuildConfiguration;
			buildSettings = {
				ASSETCATALOG_COMPILER_APPICON_NAME = AppIcon;
				FRAMEWORK_SEARCH_PATHS = (
					"$(inherited)",
					"$(PROJECT_DIR)/UniChat",
				);
				INFOPLIST_FILE = UniChat/Info.plist;
				LD_RUNPATH_SEARCH_PATHS = "$(inherited) @executable_path/Frameworks";
				PRODUCT_NAME = "$(TARGET_NAME)";
			};
			name = Release;
		};
		065EEF191B2A25FF00DC891B /* Debug */ = {
			isa = XCBuildConfiguration;
			buildSettings = {
				BUNDLE_LOADER = "$(TEST_HOST)";
				FRAMEWORK_SEARCH_PATHS = (
					"$(SDKROOT)/Developer/Library/Frameworks",
					"$(inherited)",
				);
				GCC_PREPROCESSOR_DEFINITIONS = (
					"DEBUG=1",
					"$(inherited)",
				);
				INFOPLIST_FILE = UniChatTests/Info.plist;
				LD_RUNPATH_SEARCH_PATHS = "$(inherited) @executable_path/Frameworks @loader_path/Frameworks";
				PRODUCT_NAME = "$(TARGET_NAME)";
				TEST_HOST = "$(BUILT_PRODUCTS_DIR)/UniChat.app/UniChat";
			};
			name = Debug;
		};
		065EEF1A1B2A25FF00DC891B /* Release */ = {
			isa = XCBuildConfiguration;
			buildSettings = {
				BUNDLE_LOADER = "$(TEST_HOST)";
				FRAMEWORK_SEARCH_PATHS = (
					"$(SDKROOT)/Developer/Library/Frameworks",
					"$(inherited)",
				);
				INFOPLIST_FILE = UniChatTests/Info.plist;
				LD_RUNPATH_SEARCH_PATHS = "$(inherited) @executable_path/Frameworks @loader_path/Frameworks";
				PRODUCT_NAME = "$(TARGET_NAME)";
				TEST_HOST = "$(BUILT_PRODUCTS_DIR)/UniChat.app/UniChat";
			};
			name = Release;
		};
/* End XCBuildConfiguration section */

/* Begin XCConfigurationList section */
		065EEEED1B2A25FF00DC891B /* Build configuration list for PBXProject "UniChat" */ = {
			isa = XCConfigurationList;
			buildConfigurations = (
				065EEF131B2A25FF00DC891B /* Debug */,
				065EEF141B2A25FF00DC891B /* Release */,
			);
			defaultConfigurationIsVisible = 0;
			defaultConfigurationName = Release;
		};
		065EEF151B2A25FF00DC891B /* Build configuration list for PBXNativeTarget "UniChat" */ = {
			isa = XCConfigurationList;
			buildConfigurations = (
				065EEF161B2A25FF00DC891B /* Debug */,
				065EEF171B2A25FF00DC891B /* Release */,
			);
			defaultConfigurationIsVisible = 0;
			defaultConfigurationName = Release;
		};
		065EEF181B2A25FF00DC891B /* Build configuration list for PBXNativeTarget "UniChatTests" */ = {
			isa = XCConfigurationList;
			buildConfigurations = (
				065EEF191B2A25FF00DC891B /* Debug */,
				065EEF1A1B2A25FF00DC891B /* Release */,
			);
			defaultConfigurationIsVisible = 0;
			defaultConfigurationName = Release;
		};
/* End XCConfigurationList section */
	};
	rootObject = 065EEEEA1B2A25FF00DC891B /* Project object */;
}
